
Microsoft Visual Studio Solution File, Format Version 12.00
# Visual Studio Version 17
VisualStudioVersion = 17.12.35707.178
MinimumVisualStudioVersion = 10.0.40219.1
Project("{FAE04EC0-301F-11D3-BF4B-00C04F79EFBC}") = "01.Students", "01.Students\01.Students.csproj", "{E3E912E2-6321-434B-8039-999C5D24ADF9}"
EndProject
Project("{FAE04EC0-301F-11D3-BF4B-00C04F79EFBC}") = "02.Articles", "02.Articles\02.Articles.csproj", "{2C1BF9C4-1E2C-4C81-AB5B-9AD5BA0187E2}"
EndProject
Project("{FAE04EC0-301F-11D3-BF4B-00C04F79EFBC}") = "03.TeamworkProjects", "03.TeamworkProjects\03.TeamworkProjects.csproj", "{7703C8A8-7633-4F13-B4F4-61256C21FAF9}"
EndProject
Project("{FAE04EC0-301F-11D3-BF4B-00C04F79EFBC}") = "04.PokemonTrainer", "04.PokemonTrainer\04.PokemonTrainer.csproj", "{29C6A3E1-2147-4A3A-93B5-60EF007AAF69}"
EndProject
Global
	GlobalSection(SolutionConfigurationPlatforms) = preSolution
		Debug|Any CPU = Debug|Any CPU
		Release|Any CPU = Release|Any CPU
	EndGlobalSection
	GlobalSection(ProjectConfigurationPlatforms) = postSolution
		{E3E912E2-6321-434B-8039-999C5D24ADF9}.Debug|Any CPU.ActiveCfg = Debug|Any CPU
		{E3E912E2-6321-434B-8039-999C5D24ADF9}.Debug|Any CPU.Build.0 = Debug|Any CPU
		{E3E912E2-6321-434B-8039-999C5D24ADF9}.Release|Any CPU.ActiveCfg = Release|Any CPU
		{E3E912E2-6321-434B-8039-999C5D24ADF9}.Release|Any CPU.Build.0 = Release|Any CPU
		{2C1BF9C4-1E2C-4C81-AB5B-9AD5BA0187E2}.Debug|Any CPU.ActiveCfg = Debug|Any CPU
		{2C1BF9C4-1E2C-4C81-AB5B-9AD5BA0187E2}.Debug|Any CPU.Build.0 = Debug|Any CPU
		{2C1BF9C4-1E2C-4C81-AB5B-9AD5BA0187E2}.Release|Any CPU.ActiveCfg = Release|Any CPU
		{2C1BF9C4-1E2C-4C81-AB5B-9AD5BA0187E2}.Release|Any CPU.Build.0 = Release|Any CPU
		{7703C8A8-7633-4F13-B4F4-61256C21FAF9}.Debug|Any CPU.ActiveCfg = Debug|Any CPU
		{7703C8A8-7633-4F13-B4F4-61256C21FAF9}.Debug|Any CPU.Build.0 = Debug|Any CPU
		{7703C8A8-7633-4F13-B4F4-61256C21FAF9}.Release|Any CPU.ActiveCfg = Release|Any CPU
		{7703C8A8-7633-4F13-B4F4-61256C21FAF9}.Release|Any CPU.Build.0 = Release|Any CPU
		{29C6A3E1-2147-4A3A-93B5-60EF007AAF69}.Debug|Any CPU.ActiveCfg = Debug|Any CPU
		{29C6A3E1-2147-4A3A-93B5-60EF007AAF69}.Debug|Any CPU.Build.0 = Debug|Any CPU
		{29C6A3E1-2147-4A3A-93B5-60EF007AAF69}.Release|Any CPU.ActiveCfg = Release|Any CPU
		{29C6A3E1-2147-4A3A-93B5-60EF007AAF69}.Release|Any CPU.Build.0 = Release|Any CPU
	EndGlobalSection
	GlobalSection(SolutionProperties) = preSolution
		HideSolutionNode = FALSE
	EndGlobalSection
EndGlobal
