
Microsoft Visual Studio Solution File, Format Version 12.00
# Visual Studio Version 17
VisualStudioVersion = 17.12.35707.178
MinimumVisualStudioVersion = 10.0.40219.1
Project("{FAE04EC0-301F-11D3-BF4B-00C04F79EFBC}") = "01.ReverseStrings", "01.ReverseStrings\01.ReverseStrings.csproj", "{CACB1CCB-01E3-4AF4-8E69-A9E4A610D540}"
EndProject
Project("{FAE04EC0-301F-11D3-BF4B-00C04F79EFBC}") = "02.RepeatStrings", "02.RepeatStrings\02.RepeatStrings.csproj", "{CAB04DA9-2839-41F4-B5EF-40B57D9A5BD9}"
EndProject
Project("{FAE04EC0-301F-11D3-BF4B-00C04F79EFBC}") = "03.Substring", "03.Substring\03.Substring.csproj", "{97821D12-1100-4FB7-8EBB-EA2118823D53}"
EndProject
Project("{FAE04EC0-301F-11D3-BF4B-00C04F79EFBC}") = "04.TextFilter", "04.TextFilter\04.TextFilter.csproj", "{C5A9F500-BBC4-422F-8DF5-F59D9586AFD0}"
EndProject
Project("{FAE04EC0-301F-11D3-BF4B-00C04F79EFBC}") = "05.DigitsLettersAndOthers", "05.DigitsLettersAndOthers\05.DigitsLettersAndOthers.csproj", "{726738D8-C275-4B37-B495-3AAC97FCD909}"
EndProject
Global
	GlobalSection(SolutionConfigurationPlatforms) = preSolution
		Debug|Any CPU = Debug|Any CPU
		Release|Any CPU = Release|Any CPU
	EndGlobalSection
	GlobalSection(ProjectConfigurationPlatforms) = postSolution
		{CACB1CCB-01E3-4AF4-8E69-A9E4A610D540}.Debug|Any CPU.ActiveCfg = Debug|Any CPU
		{CACB1CCB-01E3-4AF4-8E69-A9E4A610D540}.Debug|Any CPU.Build.0 = Debug|Any CPU
		{CACB1CCB-01E3-4AF4-8E69-A9E4A610D540}.Release|Any CPU.ActiveCfg = Release|Any CPU
		{CACB1CCB-01E3-4AF4-8E69-A9E4A610D540}.Release|Any CPU.Build.0 = Release|Any CPU
		{CAB04DA9-2839-41F4-B5EF-40B57D9A5BD9}.Debug|Any CPU.ActiveCfg = Debug|Any CPU
		{CAB04DA9-2839-41F4-B5EF-40B57D9A5BD9}.Debug|Any CPU.Build.0 = Debug|Any CPU
		{CAB04DA9-2839-41F4-B5EF-40B57D9A5BD9}.Release|Any CPU.ActiveCfg = Release|Any CPU
		{CAB04DA9-2839-41F4-B5EF-40B57D9A5BD9}.Release|Any CPU.Build.0 = Release|Any CPU
		{97821D12-1100-4FB7-8EBB-EA2118823D53}.Debug|Any CPU.ActiveCfg = Debug|Any CPU
		{97821D12-1100-4FB7-8EBB-EA2118823D53}.Debug|Any CPU.Build.0 = Debug|Any CPU
		{97821D12-1100-4FB7-8EBB-EA2118823D53}.Release|Any CPU.ActiveCfg = Release|Any CPU
		{97821D12-1100-4FB7-8EBB-EA2118823D53}.Release|Any CPU.Build.0 = Release|Any CPU
		{C5A9F500-BBC4-422F-8DF5-F59D9586AFD0}.Debug|Any CPU.ActiveCfg = Debug|Any CPU
		{C5A9F500-BBC4-422F-8DF5-F59D9586AFD0}.Debug|Any CPU.Build.0 = Debug|Any CPU
		{C5A9F500-BBC4-422F-8DF5-F59D9586AFD0}.Release|Any CPU.ActiveCfg = Release|Any CPU
		{C5A9F500-BBC4-422F-8DF5-F59D9586AFD0}.Release|Any CPU.Build.0 = Release|Any CPU
		{726738D8-C275-4B37-B495-3AAC97FCD909}.Debug|Any CPU.ActiveCfg = Debug|Any CPU
		{726738D8-C275-4B37-B495-3AAC97FCD909}.Debug|Any CPU.Build.0 = Debug|Any CPU
		{726738D8-C275-4B37-B495-3AAC97FCD909}.Release|Any CPU.ActiveCfg = Release|Any CPU
		{726738D8-C275-4B37-B495-3AAC97FCD909}.Release|Any CPU.Build.0 = Release|Any CPU
	EndGlobalSection
	GlobalSection(SolutionProperties) = preSolution
		HideSolutionNode = FALSE
	EndGlobalSection
EndGlobal
